{
  "name": "PointTakingTool",
  "version": "1.0.0",
  "lockfileVersion": 1,
  "requires": true,
  "dependencies": {
    "fs": {
      "version": "https://registry.npmjs.org/fs/-/fs-0.0.1-security.tgz",
      "integrity": "sha1-invTcYa23d84E/I4WLV+yq9eQdQ="
    },
    "hotkeys-js": {
      "version": "3.1.1",
      "resolved": "https://registry.npmjs.org/hotkeys-js/-/hotkeys-js-3.1.1.tgz",
      "integrity": "sha512-NiYkwvXMNwRho2cKJN5QSMLUvvDytBKZYaqhIF+PDznG0dLOq2siVql3R0IzDXy5yISObHHb4JbwrTw5TOI7Fg=="
    }
  }
}
